
Microsoft Visual Studio Solution File, Format Version 12.00
# Visual Studio 15
VisualStudioVersion = 15.0.28010.2048
MinimumVisualStudioVersion = 10.0.40219.1
Project("{FAE04EC0-301F-11D3-BF4B-00C04F79EFBC}") = "Classi", "Classi\Classi.csproj", "{416B30AB-07F1-4240-960F-3448CB404131}"
EndProject
Global
	GlobalSection(SolutionConfigurationPlatforms) = preSolution
		Debug|Any CPU = Debug|Any CPU
		Release|Any CPU = Release|Any CPU
	EndGlobalSection
	GlobalSection(ProjectConfigurationPlatforms) = postSolution
		{416B30AB-07F1-4240-960F-3448CB404131}.Debug|Any CPU.ActiveCfg = Debug|Any CPU
		{416B30AB-07F1-4240-960F-3448CB404131}.Debug|Any CPU.Build.0 = Debug|Any CPU
		{416B30AB-07F1-4240-960F-3448CB404131}.Release|Any CPU.ActiveCfg = Release|Any CPU
		{416B30AB-07F1-4240-960F-3448CB404131}.Release|Any CPU.Build.0 = Release|Any CPU
	EndGlobalSection
	GlobalSection(SolutionProperties) = preSolution
		HideSolutionNode = FALSE
	EndGlobalSection
	GlobalSection(ExtensibilityGlobals) = postSolution
		SolutionGuid = {4651315E-0AA1-4423-9753-5D269A5A11A8}
	EndGlobalSection
EndGlobal
